
Microsoft Visual Studio Solution File, Format Version 12.00
# Visual Studio Version 17
VisualStudioVersion = 17.5.2.0
MinimumVisualStudioVersion = 10.0.40219.1
Project("{FAE04EC0-301F-11D3-BF4B-00C04F79EFBC}") = "TransbankSdkDotnetExample", "TransbankSdkDotnetExample\TransbankSdkDotnetExample.csproj", "{9256A43D-3077-41CC-919B-A9A10C76938C}"
EndProject
Project("{FAE04EC0-301F-11D3-BF4B-00C04F79EFBC}") = "Tests", "Tests\Tests.csproj", "{02D4C040-5944-4E58-887E-BD2EAB8300BE}"
EndProject
Global
	GlobalSection(SolutionConfigurationPlatforms) = preSolution
		Debug|Any CPU = Debug|Any CPU
		Debug|x64 = Debug|x64
		Debug|x86 = Debug|x86
		Release|Any CPU = Release|Any CPU
		Release|x64 = Release|x64
		Release|x86 = Release|x86
	EndGlobalSection
	GlobalSection(ProjectConfigurationPlatforms) = postSolution
		{9256A43D-3077-41CC-919B-A9A10C76938C}.Debug|Any CPU.ActiveCfg = Debug|Any CPU
		{9256A43D-3077-41CC-919B-A9A10C76938C}.Debug|Any CPU.Build.0 = Debug|Any CPU
		{9256A43D-3077-41CC-919B-A9A10C76938C}.Debug|x64.ActiveCfg = Debug|Any CPU
		{9256A43D-3077-41CC-919B-A9A10C76938C}.Debug|x64.Build.0 = Debug|Any CPU
		{9256A43D-3077-41CC-919B-A9A10C76938C}.Debug|x86.ActiveCfg = Debug|Any CPU
		{9256A43D-3077-41CC-919B-A9A10C76938C}.Debug|x86.Build.0 = Debug|Any CPU
		{9256A43D-3077-41CC-919B-A9A10C76938C}.Release|Any CPU.ActiveCfg = Release|Any CPU
		{9256A43D-3077-41CC-919B-A9A10C76938C}.Release|Any CPU.Build.0 = Release|Any CPU
		{9256A43D-3077-41CC-919B-A9A10C76938C}.Release|x64.ActiveCfg = Release|Any CPU
		{9256A43D-3077-41CC-919B-A9A10C76938C}.Release|x64.Build.0 = Release|Any CPU
		{9256A43D-3077-41CC-919B-A9A10C76938C}.Release|x86.ActiveCfg = Release|Any CPU
		{9256A43D-3077-41CC-919B-A9A10C76938C}.Release|x86.Build.0 = Release|Any CPU
		{02D4C040-5944-4E58-887E-BD2EAB8300BE}.Debug|Any CPU.ActiveCfg = Debug|Any CPU
		{02D4C040-5944-4E58-887E-BD2EAB8300BE}.Debug|Any CPU.Build.0 = Debug|Any CPU
		{02D4C040-5944-4E58-887E-BD2EAB8300BE}.Debug|x64.ActiveCfg = Debug|Any CPU
		{02D4C040-5944-4E58-887E-BD2EAB8300BE}.Debug|x64.Build.0 = Debug|Any CPU
		{02D4C040-5944-4E58-887E-BD2EAB8300BE}.Debug|x86.ActiveCfg = Debug|Any CPU
		{02D4C040-5944-4E58-887E-BD2EAB8300BE}.Debug|x86.Build.0 = Debug|Any CPU
		{02D4C040-5944-4E58-887E-BD2EAB8300BE}.Release|Any CPU.ActiveCfg = Release|Any CPU
		{02D4C040-5944-4E58-887E-BD2EAB8300BE}.Release|Any CPU.Build.0 = Release|Any CPU
		{02D4C040-5944-4E58-887E-BD2EAB8300BE}.Release|x64.ActiveCfg = Release|Any CPU
		{02D4C040-5944-4E58-887E-BD2EAB8300BE}.Release|x64.Build.0 = Release|Any CPU
		{02D4C040-5944-4E58-887E-BD2EAB8300BE}.Release|x86.ActiveCfg = Release|Any CPU
		{02D4C040-5944-4E58-887E-BD2EAB8300BE}.Release|x86.Build.0 = Release|Any CPU
	EndGlobalSection
	GlobalSection(SolutionProperties) = preSolution
		HideSolutionNode = FALSE
	EndGlobalSection
	GlobalSection(ExtensibilityGlobals) = postSolution
		SolutionGuid = {04B47FF3-B7EE-4619-BE72-3E3F7E44C0FF}
	EndGlobalSection
EndGlobal
